
Microsoft Visual Studio Solution File, Format Version 12.00
# Visual Studio Version 17
VisualStudioVersion = 17.2.32630.192
MinimumVisualStudioVersion = 10.0.40219.1
Project("{888888A0-9F3D-457C-B088-3A5042F75D52}") = "FSS_Core", "FSS_Core\FSS_Core.pyproj", "{E10105D4-135C-4912-B4DA-715FCC4C06E7}"
EndProject
Global
	GlobalSection(SolutionConfigurationPlatforms) = preSolution
		Debug|Any CPU = Debug|Any CPU
		Release|Any CPU = Release|Any CPU
	EndGlobalSection
	GlobalSection(ProjectConfigurationPlatforms) = postSolution
		{E10105D4-135C-4912-B4DA-715FCC4C06E7}.Debug|Any CPU.ActiveCfg = Debug|Any CPU
		{E10105D4-135C-4912-B4DA-715FCC4C06E7}.Debug|Any CPU.Build.0 = Debug|Any CPU
		{E10105D4-135C-4912-B4DA-715FCC4C06E7}.Release|Any CPU.ActiveCfg = Release|Any CPU
		{E10105D4-135C-4912-B4DA-715FCC4C06E7}.Release|Any CPU.Build.0 = Release|Any CPU
	EndGlobalSection
	GlobalSection(SolutionProperties) = preSolution
		HideSolutionNode = FALSE
	EndGlobalSection
	GlobalSection(ExtensibilityGlobals) = postSolution
		SolutionGuid = {821FEAF5-01B7-4DAE-8999-B31523EDE960}
	EndGlobalSection
EndGlobal
